
Microsoft Visual Studio Solution File, Format Version 12.00
# Visual Studio Version 17
VisualStudioVersion = 17.0.31903.59
MinimumVisualStudioVersion = 10.0.40219.1
Project("{2150E333-8FDC-42A3-9474-1A3956D46DE8}") = "src", "src", "{827E0CD3-B72D-47B6-A68D-7590B98EB39B}"
EndProject
Project("{FAE04EC0-301F-11D3-BF4B-00C04F79EFBC}") = "FinanceBot.Api", "src\FinanceBot.Api\FinanceBot.Api.csproj", "{B3F5DD42-93F3-41E2-B6A3-A53AEB512BC6}"
EndProject
Project("{FAE04EC0-301F-11D3-BF4B-00C04F79EFBC}") = "FinanceBot.Application", "src\FinanceBot.Application\FinanceBot.Application.csproj", "{7FE9AF65-9DDF-4493-BCF6-D95865F6CE78}"
EndProject
Project("{FAE04EC0-301F-11D3-BF4B-00C04F79EFBC}") = "FinanceBot.Domain", "src\FinanceBot.Domain\FinanceBot.Domain.csproj", "{97E9F863-3F35-4463-8594-1E0946F7285D}"
EndProject
Project("{FAE04EC0-301F-11D3-BF4B-00C04F79EFBC}") = "FinanceBot.Infrastructure", "src\FinanceBot.Infrastructure\FinanceBot.Infrastructure.csproj", "{21335342-7934-4381-8AE4-95AD83BDBFF6}"
EndProject
Project("{2150E333-8FDC-42A3-9474-1A3956D46DE8}") = "tests", "tests", "{0AB3BF05-4346-4AA6-1389-037BE0695223}"
EndProject
Project("{FAE04EC0-301F-11D3-BF4B-00C04F79EFBC}") = "FinanceBot.UnitTests", "tests\FinanceBot.UnitTests\FinanceBot.UnitTests.csproj", "{C42FBF54-7806-41D3-9A70-06BC50096F1C}"
EndProject
Project("{FAE04EC0-301F-11D3-BF4B-00C04F79EFBC}") = "FinanceBot.IntegrationTests", "tests\FinanceBot.IntegrationTests\FinanceBot.IntegrationTests.csproj", "{7108A530-E502-4860-AE7C-E7D50BF18BDC}"
EndProject
Global
	GlobalSection(SolutionConfigurationPlatforms) = preSolution
		Debug|Any CPU = Debug|Any CPU
		Debug|x64 = Debug|x64
		Debug|x86 = Debug|x86
		Release|Any CPU = Release|Any CPU
		Release|x64 = Release|x64
		Release|x86 = Release|x86
	EndGlobalSection
	GlobalSection(ProjectConfigurationPlatforms) = postSolution
		{B3F5DD42-93F3-41E2-B6A3-A53AEB512BC6}.Debug|Any CPU.ActiveCfg = Debug|Any CPU
		{B3F5DD42-93F3-41E2-B6A3-A53AEB512BC6}.Debug|Any CPU.Build.0 = Debug|Any CPU
		{B3F5DD42-93F3-41E2-B6A3-A53AEB512BC6}.Debug|x64.ActiveCfg = Debug|Any CPU
		{B3F5DD42-93F3-41E2-B6A3-A53AEB512BC6}.Debug|x64.Build.0 = Debug|Any CPU
		{B3F5DD42-93F3-41E2-B6A3-A53AEB512BC6}.Debug|x86.ActiveCfg = Debug|Any CPU
		{B3F5DD42-93F3-41E2-B6A3-A53AEB512BC6}.Debug|x86.Build.0 = Debug|Any CPU
		{B3F5DD42-93F3-41E2-B6A3-A53AEB512BC6}.Release|Any CPU.ActiveCfg = Release|Any CPU
		{B3F5DD42-93F3-41E2-B6A3-A53AEB512BC6}.Release|Any CPU.Build.0 = Release|Any CPU
		{B3F5DD42-93F3-41E2-B6A3-A53AEB512BC6}.Release|x64.ActiveCfg = Release|Any CPU
		{B3F5DD42-93F3-41E2-B6A3-A53AEB512BC6}.Release|x64.Build.0 = Release|Any CPU
		{B3F5DD42-93F3-41E2-B6A3-A53AEB512BC6}.Release|x86.ActiveCfg = Release|Any CPU
		{B3F5DD42-93F3-41E2-B6A3-A53AEB512BC6}.Release|x86.Build.0 = Release|Any CPU
		{7FE9AF65-9DDF-4493-BCF6-D95865F6CE78}.Debug|Any CPU.ActiveCfg = Debug|Any CPU
		{7FE9AF65-9DDF-4493-BCF6-D95865F6CE78}.Debug|Any CPU.Build.0 = Debug|Any CPU
		{7FE9AF65-9DDF-4493-BCF6-D95865F6CE78}.Debug|x64.ActiveCfg = Debug|Any CPU
		{7FE9AF65-9DDF-4493-BCF6-D95865F6CE78}.Debug|x64.Build.0 = Debug|Any CPU
		{7FE9AF65-9DDF-4493-BCF6-D95865F6CE78}.Debug|x86.ActiveCfg = Debug|Any CPU
		{7FE9AF65-9DDF-4493-BCF6-D95865F6CE78}.Debug|x86.Build.0 = Debug|Any CPU
		{7FE9AF65-9DDF-4493-BCF6-D95865F6CE78}.Release|Any CPU.ActiveCfg = Release|Any CPU
		{7FE9AF65-9DDF-4493-BCF6-D95865F6CE78}.Release|Any CPU.Build.0 = Release|Any CPU
		{7FE9AF65-9DDF-4493-BCF6-D95865F6CE78}.Release|x64.ActiveCfg = Release|Any CPU
		{7FE9AF65-9DDF-4493-BCF6-D95865F6CE78}.Release|x64.Build.0 = Release|Any CPU
		{7FE9AF65-9DDF-4493-BCF6-D95865F6CE78}.Release|x86.ActiveCfg = Release|Any CPU
		{7FE9AF65-9DDF-4493-BCF6-D95865F6CE78}.Release|x86.Build.0 = Release|Any CPU
		{97E9F863-3F35-4463-8594-1E0946F7285D}.Debug|Any CPU.ActiveCfg = Debug|Any CPU
		{97E9F863-3F35-4463-8594-1E0946F7285D}.Debug|Any CPU.Build.0 = Debug|Any CPU
		{97E9F863-3F35-4463-8594-1E0946F7285D}.Debug|x64.ActiveCfg = Debug|Any CPU
		{97E9F863-3F35-4463-8594-1E0946F7285D}.Debug|x64.Build.0 = Debug|Any CPU
		{97E9F863-3F35-4463-8594-1E0946F7285D}.Debug|x86.ActiveCfg = Debug|Any CPU
		{97E9F863-3F35-4463-8594-1E0946F7285D}.Debug|x86.Build.0 = Debug|Any CPU
		{97E9F863-3F35-4463-8594-1E0946F7285D}.Release|Any CPU.ActiveCfg = Release|Any CPU
		{97E9F863-3F35-4463-8594-1E0946F7285D}.Release|Any CPU.Build.0 = Release|Any CPU
		{97E9F863-3F35-4463-8594-1E0946F7285D}.Release|x64.ActiveCfg = Release|Any CPU
		{97E9F863-3F35-4463-8594-1E0946F7285D}.Release|x64.Build.0 = Release|Any CPU
		{97E9F863-3F35-4463-8594-1E0946F7285D}.Release|x86.ActiveCfg = Release|Any CPU
		{97E9F863-3F35-4463-8594-1E0946F7285D}.Release|x86.Build.0 = Release|Any CPU
		{21335342-7934-4381-8AE4-95AD83BDBFF6}.Debug|Any CPU.ActiveCfg = Debug|Any CPU
		{21335342-7934-4381-8AE4-95AD83BDBFF6}.Debug|Any CPU.Build.0 = Debug|Any CPU
		{21335342-7934-4381-8AE4-95AD83BDBFF6}.Debug|x64.ActiveCfg = Debug|Any CPU
		{21335342-7934-4381-8AE4-95AD83BDBFF6}.Debug|x64.Build.0 = Debug|Any CPU
		{21335342-7934-4381-8AE4-95AD83BDBFF6}.Debug|x86.ActiveCfg = Debug|Any CPU
		{21335342-7934-4381-8AE4-95AD83BDBFF6}.Debug|x86.Build.0 = Debug|Any CPU
		{21335342-7934-4381-8AE4-95AD83BDBFF6}.Release|Any CPU.ActiveCfg = Release|Any CPU
		{21335342-7934-4381-8AE4-95AD83BDBFF6}.Release|Any CPU.Build.0 = Release|Any CPU
		{21335342-7934-4381-8AE4-95AD83BDBFF6}.Release|x64.ActiveCfg = Release|Any CPU
		{21335342-7934-4381-8AE4-95AD83BDBFF6}.Release|x64.Build.0 = Release|Any CPU
		{21335342-7934-4381-8AE4-95AD83BDBFF6}.Release|x86.ActiveCfg = Release|Any CPU
		{21335342-7934-4381-8AE4-95AD83BDBFF6}.Release|x86.Build.0 = Release|Any CPU
		{C42FBF54-7806-41D3-9A70-06BC50096F1C}.Debug|Any CPU.ActiveCfg = Debug|Any CPU
		{C42FBF54-7806-41D3-9A70-06BC50096F1C}.Debug|Any CPU.Build.0 = Debug|Any CPU
		{C42FBF54-7806-41D3-9A70-06BC50096F1C}.Debug|x64.ActiveCfg = Debug|Any CPU
		{C42FBF54-7806-41D3-9A70-06BC50096F1C}.Debug|x64.Build.0 = Debug|Any CPU
		{C42FBF54-7806-41D3-9A70-06BC50096F1C}.Debug|x86.ActiveCfg = Debug|Any CPU
		{C42FBF54-7806-41D3-9A70-06BC50096F1C}.Debug|x86.Build.0 = Debug|Any CPU
		{C42FBF54-7806-41D3-9A70-06BC50096F1C}.Release|Any CPU.ActiveCfg = Release|Any CPU
		{C42FBF54-7806-41D3-9A70-06BC50096F1C}.Release|Any CPU.Build.0 = Release|Any CPU
		{C42FBF54-7806-41D3-9A70-06BC50096F1C}.Release|x64.ActiveCfg = Release|Any CPU
		{C42FBF54-7806-41D3-9A70-06BC50096F1C}.Release|x64.Build.0 = Release|Any CPU
		{C42FBF54-7806-41D3-9A70-06BC50096F1C}.Release|x86.ActiveCfg = Release|Any CPU
		{C42FBF54-7806-41D3-9A70-06BC50096F1C}.Release|x86.Build.0 = Release|Any CPU
		{7108A530-E502-4860-AE7C-E7D50BF18BDC}.Debug|Any CPU.ActiveCfg = Debug|Any CPU
		{7108A530-E502-4860-AE7C-E7D50BF18BDC}.Debug|Any CPU.Build.0 = Debug|Any CPU
		{7108A530-E502-4860-AE7C-E7D50BF18BDC}.Debug|x64.ActiveCfg = Debug|Any CPU
		{7108A530-E502-4860-AE7C-E7D50BF18BDC}.Debug|x64.Build.0 = Debug|Any CPU
		{7108A530-E502-4860-AE7C-E7D50BF18BDC}.Debug|x86.ActiveCfg = Debug|Any CPU
		{7108A530-E502-4860-AE7C-E7D50BF18BDC}.Debug|x86.Build.0 = Debug|Any CPU
		{7108A530-E502-4860-AE7C-E7D50BF18BDC}.Release|Any CPU.ActiveCfg = Release|Any CPU
		{7108A530-E502-4860-AE7C-E7D50BF18BDC}.Release|Any CPU.Build.0 = Release|Any CPU
		{7108A530-E502-4860-AE7C-E7D50BF18BDC}.Release|x64.ActiveCfg = Release|Any CPU
		{7108A530-E502-4860-AE7C-E7D50BF18BDC}.Release|x64.Build.0 = Release|Any CPU
		{7108A530-E502-4860-AE7C-E7D50BF18BDC}.Release|x86.ActiveCfg = Release|Any CPU
		{7108A530-E502-4860-AE7C-E7D50BF18BDC}.Release|x86.Build.0 = Release|Any CPU
	EndGlobalSection
	GlobalSection(SolutionProperties) = preSolution
		HideSolutionNode = FALSE
	EndGlobalSection
	GlobalSection(NestedProjects) = preSolution
		{B3F5DD42-93F3-41E2-B6A3-A53AEB512BC6} = {827E0CD3-B72D-47B6-A68D-7590B98EB39B}
		{7FE9AF65-9DDF-4493-BCF6-D95865F6CE78} = {827E0CD3-B72D-47B6-A68D-7590B98EB39B}
		{97E9F863-3F35-4463-8594-1E0946F7285D} = {827E0CD3-B72D-47B6-A68D-7590B98EB39B}
		{21335342-7934-4381-8AE4-95AD83BDBFF6} = {827E0CD3-B72D-47B6-A68D-7590B98EB39B}
		{C42FBF54-7806-41D3-9A70-06BC50096F1C} = {0AB3BF05-4346-4AA6-1389-037BE0695223}
		{7108A530-E502-4860-AE7C-E7D50BF18BDC} = {0AB3BF05-4346-4AA6-1389-037BE0695223}
	EndGlobalSection
EndGlobal
